Microsoft Visual Studio Solution File, Format Version 12.00
# Visual Studio 2012
Project("{FAE04EC0-301F-11D3-BF4B-00C04F79EFBC}") = "Gd-prototype-engine", "Gd-prototype-engine.csproj", "{1B112ED2-C00A-475C-B4B8-A5F3EB2F3B70}"
EndProject
Global
	GlobalSection(SolutionConfigurationPlatforms) = preSolution
	Debug|Any CPU = Debug|Any CPU
	ExportDebug|Any CPU = ExportDebug|Any CPU
	ExportRelease|Any CPU = ExportRelease|Any CPU
	EndGlobalSection
	GlobalSection(ProjectConfigurationPlatforms) = postSolution
		{1B112ED2-C00A-475C-B4B8-A5F3EB2F3B70}.Debug|Any CPU.ActiveCfg = Debug|Any CPU
		{1B112ED2-C00A-475C-B4B8-A5F3EB2F3B70}.Debug|Any CPU.Build.0 = Debug|Any CPU
		{1B112ED2-C00A-475C-B4B8-A5F3EB2F3B70}.ExportDebug|Any CPU.ActiveCfg = ExportDebug|Any CPU
		{1B112ED2-C00A-475C-B4B8-A5F3EB2F3B70}.ExportDebug|Any CPU.Build.0 = ExportDebug|Any CPU
		{1B112ED2-C00A-475C-B4B8-A5F3EB2F3B70}.ExportRelease|Any CPU.ActiveCfg = ExportRelease|Any CPU
		{1B112ED2-C00A-475C-B4B8-A5F3EB2F3B70}.ExportRelease|Any CPU.Build.0 = ExportRelease|Any CPU
	EndGlobalSection
EndGlobal
